<?xml version="1.0" encoding="utf-8"?>
<Project ToolsVersion="4.0" xmlns="http://schemas.microsoft.com/developer/msbuild/2003">
  <ItemGroup>
    <Filter Include="Source Files">
      <UniqueIdentifier>{4FC737F1-C7A5-4376-A066-2A32D752A2FF}</UniqueIdentifier>
      <Extensions>cpp;c;cc;cxx;c++;cppm;ixx;def;odl;idl;hpj;bat;asm;asmx</Extensions>
    </Filter>
    <Filter Include="Header Files">
      <UniqueIdentifier>{93995380-89BD-4b04-88EB-625FBE52EBFB}</UniqueIdentifier>
      <Extensions>h;hh;hpp;hxx;h++;hm;inl;inc;ipp;xsd</Extensions>
    </Filter>
    <Filter Include="Resource Files">
      <UniqueIdentifier>{67DA6AB6-F800-4c08-8B7A-83BB121AAD01}</UniqueIdentifier>
      <Extensions>rc;ico;cur;bmp;dlg;rc2;rct;bin;rgs;gif;jpg;jpeg;jpe;resx;tiff;tif;png;wav;mfcribbon-ms</Extensions>
    </Filter>
    <Filter Include="Source Files\Pointers">
      <UniqueIdentifier>{d08cbebb-dad8-45ca-8a82-2edebad9480a}</UniqueIdentifier>
    </Filter>
    <Filter Include="Source Files\Arrays">
      <UniqueIdentifier>{740bf96e-8ee2-40e9-9a19-acd776b6176f}</UniqueIdentifier>
    </Filter>
    <Filter Include="Source Files\Structures">
      <UniqueIdentifier>{3e6e3ff2-d260-44f1-a7bf-4da061bef3d1}</UniqueIdentifier>
    </Filter>
  </ItemGroup>
  <ItemGroup>
    <ClCompile Include="array1.c">
      <Filter>Source Files\Arrays</Filter>
    </ClCompile>
    <ClCompile Include="Arrays2.c">
      <Filter>Source Files\Arrays</Filter>
    </ClCompile>
    <ClCompile Include="Demo2.c">
      <Filter>Source Files\Pointers</Filter>
    </ClCompile>
    <ClCompile Include="function_pointers.c">
      <Filter>Source Files\Pointers</Filter>
    </ClCompile>
    <ClCompile Include="..\..\..\..\..\Downloads\managing_memory_with_pointers.c">
      <Filter>Source Files\Pointers</Filter>
    </ClCompile>
    <ClCompile Include="pointer_arithmetic.c">
      <Filter>Source Files\Pointers</Filter>
    </ClCompile>
    <ClCompile Include="pointers.c">
      <Filter>Source Files\Pointers</Filter>
    </ClCompile>
    <ClCompile Include="pointers_2.c">
      <Filter>Source Files\Pointers</Filter>
    </ClCompile>
    <ClCompile Include="Structure1.c">
      <Filter>Source Files\Structures</Filter>
    </ClCompile>
  </ItemGroup>
</Project>