
Microsoft Visual Studio Solution File, Format Version 12.00
# Visual Studio Version 16
VisualStudioVersion = 16.0.31727.386
MinimumVisualStudioVersion = 10.0.40219.1
Project("{8BC9CEB8-8B4A-11D0-8D11-00A0C91BC942}") = "Data_Variables", "Data_Variables\Data_Variables.vcxproj", "{9ABD38BE-0D0B-4A54-9F0C-1B9ACF941290}"
EndProject
Project("{8BC9CEB8-8B4A-11D0-8D11-00A0C91BC942}") = "C_course", "..\..\C_course\C_course\C_course.vcxproj", "{E5B943BB-74A0-4257-9081-94FC8435E887}"
EndProject
Global
	GlobalSection(SolutionConfigurationPlatforms) = preSolution
		Debug|x64 = Debug|x64
		Debug|x86 = Debug|x86
		Release|x64 = Release|x64
		Release|x86 = Release|x86
	EndGlobalSection
	GlobalSection(ProjectConfigurationPlatforms) = postSolution
		{9ABD38BE-0D0B-4A54-9F0C-1B9ACF941290}.Debug|x64.ActiveCfg = Debug|x64
		{9ABD38BE-0D0B-4A54-9F0C-1B9ACF941290}.Debug|x64.Build.0 = Debug|x64
		{9ABD38BE-0D0B-4A54-9F0C-1B9ACF941290}.Debug|x86.ActiveCfg = Debug|Win32
		{9ABD38BE-0D0B-4A54-9F0C-1B9ACF941290}.Debug|x86.Build.0 = Debug|Win32
		{9ABD38BE-0D0B-4A54-9F0C-1B9ACF941290}.Release|x64.ActiveCfg = Release|x64
		{9ABD38BE-0D0B-4A54-9F0C-1B9ACF941290}.Release|x64.Build.0 = Release|x64
		{9ABD38BE-0D0B-4A54-9F0C-1B9ACF941290}.Release|x86.ActiveCfg = Release|Win32
		{9ABD38BE-0D0B-4A54-9F0C-1B9ACF941290}.Release|x86.Build.0 = Release|Win32
		{E5B943BB-74A0-4257-9081-94FC8435E887}.Debug|x64.ActiveCfg = Debug|x64
		{E5B943BB-74A0-4257-9081-94FC8435E887}.Debug|x64.Build.0 = Debug|x64
		{E5B943BB-74A0-4257-9081-94FC8435E887}.Debug|x86.ActiveCfg = Debug|Win32
		{E5B943BB-74A0-4257-9081-94FC8435E887}.Debug|x86.Build.0 = Debug|Win32
		{E5B943BB-74A0-4257-9081-94FC8435E887}.Release|x64.ActiveCfg = Release|x64
		{E5B943BB-74A0-4257-9081-94FC8435E887}.Release|x64.Build.0 = Release|x64
		{E5B943BB-74A0-4257-9081-94FC8435E887}.Release|x86.ActiveCfg = Release|Win32
		{E5B943BB-74A0-4257-9081-94FC8435E887}.Release|x86.Build.0 = Release|Win32
	EndGlobalSection
	GlobalSection(SolutionProperties) = preSolution
		HideSolutionNode = FALSE
	EndGlobalSection
	GlobalSection(ExtensibilityGlobals) = postSolution
		SolutionGuid = {9AB83EBD-B707-4435-8A88-F17EE9738D4E}
	EndGlobalSection
EndGlobal
